
Microsoft Visual Studio Solution File, Format Version 12.00
# Visual Studio Version 16
VisualStudioVersion = 16.0.31129.286
MinimumVisualStudioVersion = 10.0.40219.1
Project("{9A19103F-16F7-4668-BE54-9A1E7A4F7556}") = "MyChess", "MyChess\MyChess.csproj", "{F4A07E9B-A12F-4B55-A40B-9B4869092523}"
EndProject
Project("{9A19103F-16F7-4668-BE54-9A1E7A4F7556}") = "MyChessEngine", "MyChessEngine\MyChessEngine.csproj", "{03560B6C-9BAD-4B4A-9B7B-84D75EF03C5E}"
EndProject
Project("{9A19103F-16F7-4668-BE54-9A1E7A4F7556}") = "EngineUnitTests", "EngineUnitTests\EngineUnitTests.csproj", "{CA33934C-D7EA-446B-8D31-36E6D411A78B}"
EndProject
Project("{FAE04EC0-301F-11D3-BF4B-00C04F79EFBC}") = "MyChessEngineBase", "MyChessEngineBase\MyChessEngineBase.csproj", "{142CDAA9-6C12-4ABB-95E0-2AC493CFA067}"
EndProject
Project("{9A19103F-16F7-4668-BE54-9A1E7A4F7556}") = "ChessEngineBase", "ChessEngineBase\ChessEngineBase.csproj", "{B8D42108-508A-40EA-BB9B-C5942DA3B266}"
EndProject
Global
	GlobalSection(SolutionConfigurationPlatforms) = preSolution
		Debug|Any CPU = Debug|Any CPU
		Release|Any CPU = Release|Any CPU
	EndGlobalSection
	GlobalSection(ProjectConfigurationPlatforms) = postSolution
		{F4A07E9B-A12F-4B55-A40B-9B4869092523}.Debug|Any CPU.ActiveCfg = Debug|Any CPU
		{F4A07E9B-A12F-4B55-A40B-9B4869092523}.Debug|Any CPU.Build.0 = Debug|Any CPU
		{F4A07E9B-A12F-4B55-A40B-9B4869092523}.Release|Any CPU.ActiveCfg = Release|Any CPU
		{F4A07E9B-A12F-4B55-A40B-9B4869092523}.Release|Any CPU.Build.0 = Release|Any CPU
		{03560B6C-9BAD-4B4A-9B7B-84D75EF03C5E}.Debug|Any CPU.ActiveCfg = Debug|Any CPU
		{03560B6C-9BAD-4B4A-9B7B-84D75EF03C5E}.Debug|Any CPU.Build.0 = Debug|Any CPU
		{03560B6C-9BAD-4B4A-9B7B-84D75EF03C5E}.Release|Any CPU.ActiveCfg = Release|Any CPU
		{03560B6C-9BAD-4B4A-9B7B-84D75EF03C5E}.Release|Any CPU.Build.0 = Release|Any CPU
		{CA33934C-D7EA-446B-8D31-36E6D411A78B}.Debug|Any CPU.ActiveCfg = Debug|Any CPU
		{CA33934C-D7EA-446B-8D31-36E6D411A78B}.Debug|Any CPU.Build.0 = Debug|Any CPU
		{CA33934C-D7EA-446B-8D31-36E6D411A78B}.Release|Any CPU.ActiveCfg = Release|Any CPU
		{CA33934C-D7EA-446B-8D31-36E6D411A78B}.Release|Any CPU.Build.0 = Release|Any CPU
		{142CDAA9-6C12-4ABB-95E0-2AC493CFA067}.Debug|Any CPU.ActiveCfg = Debug|Any CPU
		{142CDAA9-6C12-4ABB-95E0-2AC493CFA067}.Debug|Any CPU.Build.0 = Debug|Any CPU
		{142CDAA9-6C12-4ABB-95E0-2AC493CFA067}.Release|Any CPU.ActiveCfg = Release|Any CPU
		{142CDAA9-6C12-4ABB-95E0-2AC493CFA067}.Release|Any CPU.Build.0 = Release|Any CPU
		{B8D42108-508A-40EA-BB9B-C5942DA3B266}.Debug|Any CPU.ActiveCfg = Debug|Any CPU
		{B8D42108-508A-40EA-BB9B-C5942DA3B266}.Debug|Any CPU.Build.0 = Debug|Any CPU
		{B8D42108-508A-40EA-BB9B-C5942DA3B266}.Release|Any CPU.ActiveCfg = Release|Any CPU
		{B8D42108-508A-40EA-BB9B-C5942DA3B266}.Release|Any CPU.Build.0 = Release|Any CPU
	EndGlobalSection
	GlobalSection(SolutionProperties) = preSolution
		HideSolutionNode = FALSE
	EndGlobalSection
	GlobalSection(ExtensibilityGlobals) = postSolution
		SolutionGuid = {C1E2D84B-0006-4782-A753-E2950D48CA0F}
	EndGlobalSection
EndGlobal
